
Microsoft Visual Studio Solution File, Format Version 12.00
Project("{FAE04EC0-301F-11D3-BF4B-00C04F79EFBC}") = "Lap", "Lap\Lap.csproj", "{B69FB005-E15D-4F55-8388-CED3C2868672}"
EndProject
Global
	GlobalSection(SolutionConfigurationPlatforms) = preSolution
		Debug|Any CPU = Debug|Any CPU
		Release|Any CPU = Release|Any CPU
	EndGlobalSection
	GlobalSection(ProjectConfigurationPlatforms) = postSolution
		{B69FB005-E15D-4F55-8388-CED3C2868672}.Debug|Any CPU.ActiveCfg = Debug|Any CPU
		{B69FB005-E15D-4F55-8388-CED3C2868672}.Debug|Any CPU.Build.0 = Debug|Any CPU
		{B69FB005-E15D-4F55-8388-CED3C2868672}.Release|Any CPU.ActiveCfg = Release|Any CPU
		{B69FB005-E15D-4F55-8388-CED3C2868672}.Release|Any CPU.Build.0 = Release|Any CPU
	EndGlobalSection
EndGlobal
